
Microsoft Visual Studio Solution File, Format Version 12.00
# Visual Studio 15
VisualStudioVersion = 15.0.27004.2006
MinimumVisualStudioVersion = 10.0.40219.1
Project("{8BC9CEB8-8B4A-11D0-8D11-00A0C91BC942}") = "Battleship_FinalProject_CIS150", "Battleship_FinalProject_CIS150\Battleship_FinalProject_CIS150.vcxproj", "{5AADA787-3744-4367-BD25-1E862571ED70}"
EndProject
Global
	GlobalSection(SolutionConfigurationPlatforms) = preSolution
		Debug|x64 = Debug|x64
		Debug|x86 = Debug|x86
		Release|x64 = Release|x64
		Release|x86 = Release|x86
	EndGlobalSection
	GlobalSection(ProjectConfigurationPlatforms) = postSolution
		{5AADA787-3744-4367-BD25-1E862571ED70}.Debug|x64.ActiveCfg = Debug|x64
		{5AADA787-3744-4367-BD25-1E862571ED70}.Debug|x64.Build.0 = Debug|x64
		{5AADA787-3744-4367-BD25-1E862571ED70}.Debug|x86.ActiveCfg = Debug|Win32
		{5AADA787-3744-4367-BD25-1E862571ED70}.Debug|x86.Build.0 = Debug|Win32
		{5AADA787-3744-4367-BD25-1E862571ED70}.Release|x64.ActiveCfg = Release|x64
		{5AADA787-3744-4367-BD25-1E862571ED70}.Release|x64.Build.0 = Release|x64
		{5AADA787-3744-4367-BD25-1E862571ED70}.Release|x86.ActiveCfg = Release|Win32
		{5AADA787-3744-4367-BD25-1E862571ED70}.Release|x86.Build.0 = Release|Win32
	EndGlobalSection
	GlobalSection(SolutionProperties) = preSolution
		HideSolutionNode = FALSE
	EndGlobalSection
	GlobalSection(ExtensibilityGlobals) = postSolution
		SolutionGuid = {D4E17B8A-EF6F-44AE-87B1-B59B5AFD0616}
	EndGlobalSection
EndGlobal
